
Microsoft Visual Studio Solution File, Format Version 12.00
# Visual Studio Version 16
VisualStudioVersion = 16.0.32228.343
MinimumVisualStudioVersion = 10.0.40219.1
Project("{FAE04EC0-301F-11D3-BF4B-00C04F79EFBC}") = "CapaNegocio", "CapaNegocio\CapaNegocio.csproj", "{27F989E9-83E1-45CB-B137-020ED4335A91}"
EndProject
Project("{FAE04EC0-301F-11D3-BF4B-00C04F79EFBC}") = "CapaPresentacion", "CapaPresentacion\CapaPresentacion.csproj", "{ECE23C8C-089D-4ED0-A8F3-B050020D0730}"
EndProject
Global
	GlobalSection(SolutionConfigurationPlatforms) = preSolution
		Debug|Any CPU = Debug|Any CPU
		Release|Any CPU = Release|Any CPU
	EndGlobalSection
	GlobalSection(ProjectConfigurationPlatforms) = postSolution
		{27F989E9-83E1-45CB-B137-020ED4335A91}.Debug|Any CPU.ActiveCfg = Debug|Any CPU
		{27F989E9-83E1-45CB-B137-020ED4335A91}.Debug|Any CPU.Build.0 = Debug|Any CPU
		{27F989E9-83E1-45CB-B137-020ED4335A91}.Release|Any CPU.ActiveCfg = Release|Any CPU
		{27F989E9-83E1-45CB-B137-020ED4335A91}.Release|Any CPU.Build.0 = Release|Any CPU
		{ECE23C8C-089D-4ED0-A8F3-B050020D0730}.Debug|Any CPU.ActiveCfg = Debug|Any CPU
		{ECE23C8C-089D-4ED0-A8F3-B050020D0730}.Debug|Any CPU.Build.0 = Debug|Any CPU
		{ECE23C8C-089D-4ED0-A8F3-B050020D0730}.Release|Any CPU.ActiveCfg = Release|Any CPU
		{ECE23C8C-089D-4ED0-A8F3-B050020D0730}.Release|Any CPU.Build.0 = Release|Any CPU
	EndGlobalSection
	GlobalSection(SolutionProperties) = preSolution
		HideSolutionNode = FALSE
	EndGlobalSection
	GlobalSection(ExtensibilityGlobals) = postSolution
		SolutionGuid = {946A0450-F0D3-43BF-9EAF-ECE3B9110582}
	EndGlobalSection
EndGlobal
